
Microsoft Visual Studio Solution File, Format Version 12.00
# Visual Studio Version 16
VisualStudioVersion = 16.0.29009.5
MinimumVisualStudioVersion = 10.0.40219.1
Project("{FAE04EC0-301F-11D3-BF4B-00C04F79EFBC}") = "Casting", "Casting\Casting.csproj", "{EA09AC9C-0BC1-4471-8471-20EE254D7C60}"
EndProject
Project("{FAE04EC0-301F-11D3-BF4B-00C04F79EFBC}") = "MoreVariablesAndPrinting", "MoreVariablesAndPrinting\MoreVariablesAndPrinting.csproj", "{01BAAA3E-5406-4CDB-B03C-1C3222FBA20C}"
EndProject
Project("{FAE04EC0-301F-11D3-BF4B-00C04F79EFBC}") = "SadFor", "SadFor\SadFor.csproj", "{357F7727-F6D3-4CF3-A2BB-72AC6F6A28D0}"
EndProject
Project("{FAE04EC0-301F-11D3-BF4B-00C04F79EFBC}") = "VariablesAndNames", "VariablesAndNames\VariablesAndNames.csproj", "{38CD71E6-6995-4D0D-A781-B4202B40BFB1}"
EndProject
Project("{FAE04EC0-301F-11D3-BF4B-00C04F79EFBC}") = "Exercise4", "Exercise4\Exercise4.csproj", "{4FA2714F-664E-4D6C-A26A-ED38C969D52D}"
EndProject
Project("{FAE04EC0-301F-11D3-BF4B-00C04F79EFBC}") = "Exercise1", "Exercise1\Exercise1.csproj", "{95AE049B-46DC-4C8C-A249-650C45201A3F}"
EndProject
Project("{FAE04EC0-301F-11D3-BF4B-00C04F79EFBC}") = "Exercise2", "Exercise2\Exercise2.csproj", "{03D8A791-321D-4CD7-9B5E-673C8C6E4F90}"
EndProject
Project("{FAE04EC0-301F-11D3-BF4B-00C04F79EFBC}") = "Exercise3", "Exercise3\Exercise3.csproj", "{D5D92DC0-4839-40B9-913D-EEDE8DD9AFD5}"
EndProject
Project("{FAE04EC0-301F-11D3-BF4B-00C04F79EFBC}") = "Exercise5", "Exercise5\Exercise5.csproj", "{26409ED9-C0E8-44A8-BA18-B6DA4C01302F}"
EndProject
Project("{FAE04EC0-301F-11D3-BF4B-00C04F79EFBC}") = "Exercise6", "Exercise6\Exercise6.csproj", "{8A4C0934-DBED-4B47-BE3B-D556538114ED}"
EndProject
Project("{FAE04EC0-301F-11D3-BF4B-00C04F79EFBC}") = "Exercise7", "Exercis7\Exercise7.csproj", "{1FBB1D3E-B724-4142-8BDC-EB22CE51E7B0}"
EndProject
Project("{FAE04EC0-301F-11D3-BF4B-00C04F79EFBC}") = "Exercise8", "Exercise8\Exercise8.csproj", "{9031A390-D92E-4950-9249-3A45611F454E}"
EndProject
Global
	GlobalSection(SolutionConfigurationPlatforms) = preSolution
		Debug|Any CPU = Debug|Any CPU
		Debug|x64 = Debug|x64
		Debug|x86 = Debug|x86
		Release|Any CPU = Release|Any CPU
		Release|x64 = Release|x64
		Release|x86 = Release|x86
	EndGlobalSection
	GlobalSection(ProjectConfigurationPlatforms) = postSolution
		{EA09AC9C-0BC1-4471-8471-20EE254D7C60}.Debug|Any CPU.ActiveCfg = Debug|Any CPU
		{EA09AC9C-0BC1-4471-8471-20EE254D7C60}.Debug|Any CPU.Build.0 = Debug|Any CPU
		{EA09AC9C-0BC1-4471-8471-20EE254D7C60}.Debug|x64.ActiveCfg = Debug|Any CPU
		{EA09AC9C-0BC1-4471-8471-20EE254D7C60}.Debug|x64.Build.0 = Debug|Any CPU
		{EA09AC9C-0BC1-4471-8471-20EE254D7C60}.Debug|x86.ActiveCfg = Debug|Any CPU
		{EA09AC9C-0BC1-4471-8471-20EE254D7C60}.Debug|x86.Build.0 = Debug|Any CPU
		{EA09AC9C-0BC1-4471-8471-20EE254D7C60}.Release|Any CPU.ActiveCfg = Release|Any CPU
		{EA09AC9C-0BC1-4471-8471-20EE254D7C60}.Release|Any CPU.Build.0 = Release|Any CPU
		{EA09AC9C-0BC1-4471-8471-20EE254D7C60}.Release|x64.ActiveCfg = Release|Any CPU
		{EA09AC9C-0BC1-4471-8471-20EE254D7C60}.Release|x64.Build.0 = Release|Any CPU
		{EA09AC9C-0BC1-4471-8471-20EE254D7C60}.Release|x86.ActiveCfg = Release|Any CPU
		{EA09AC9C-0BC1-4471-8471-20EE254D7C60}.Release|x86.Build.0 = Release|Any CPU
		{01BAAA3E-5406-4CDB-B03C-1C3222FBA20C}.Debug|Any CPU.ActiveCfg = Debug|Any CPU
		{01BAAA3E-5406-4CDB-B03C-1C3222FBA20C}.Debug|Any CPU.Build.0 = Debug|Any CPU
		{01BAAA3E-5406-4CDB-B03C-1C3222FBA20C}.Debug|x64.ActiveCfg = Debug|Any CPU
		{01BAAA3E-5406-4CDB-B03C-1C3222FBA20C}.Debug|x64.Build.0 = Debug|Any CPU
		{01BAAA3E-5406-4CDB-B03C-1C3222FBA20C}.Debug|x86.ActiveCfg = Debug|Any CPU
		{01BAAA3E-5406-4CDB-B03C-1C3222FBA20C}.Debug|x86.Build.0 = Debug|Any CPU
		{01BAAA3E-5406-4CDB-B03C-1C3222FBA20C}.Release|Any CPU.ActiveCfg = Release|Any CPU
		{01BAAA3E-5406-4CDB-B03C-1C3222FBA20C}.Release|Any CPU.Build.0 = Release|Any CPU
		{01BAAA3E-5406-4CDB-B03C-1C3222FBA20C}.Release|x64.ActiveCfg = Release|Any CPU
		{01BAAA3E-5406-4CDB-B03C-1C3222FBA20C}.Release|x64.Build.0 = Release|Any CPU
		{01BAAA3E-5406-4CDB-B03C-1C3222FBA20C}.Release|x86.ActiveCfg = Release|Any CPU
		{01BAAA3E-5406-4CDB-B03C-1C3222FBA20C}.Release|x86.Build.0 = Release|Any CPU
		{357F7727-F6D3-4CF3-A2BB-72AC6F6A28D0}.Debug|Any CPU.ActiveCfg = Debug|Any CPU
		{357F7727-F6D3-4CF3-A2BB-72AC6F6A28D0}.Debug|Any CPU.Build.0 = Debug|Any CPU
		{357F7727-F6D3-4CF3-A2BB-72AC6F6A28D0}.Debug|x64.ActiveCfg = Debug|Any CPU
		{357F7727-F6D3-4CF3-A2BB-72AC6F6A28D0}.Debug|x64.Build.0 = Debug|Any CPU
		{357F7727-F6D3-4CF3-A2BB-72AC6F6A28D0}.Debug|x86.ActiveCfg = Debug|Any CPU
		{357F7727-F6D3-4CF3-A2BB-72AC6F6A28D0}.Debug|x86.Build.0 = Debug|Any CPU
		{357F7727-F6D3-4CF3-A2BB-72AC6F6A28D0}.Release|Any CPU.ActiveCfg = Release|Any CPU
		{357F7727-F6D3-4CF3-A2BB-72AC6F6A28D0}.Release|Any CPU.Build.0 = Release|Any CPU
		{357F7727-F6D3-4CF3-A2BB-72AC6F6A28D0}.Release|x64.ActiveCfg = Release|Any CPU
		{357F7727-F6D3-4CF3-A2BB-72AC6F6A28D0}.Release|x64.Build.0 = Release|Any CPU
		{357F7727-F6D3-4CF3-A2BB-72AC6F6A28D0}.Release|x86.ActiveCfg = Release|Any CPU
		{357F7727-F6D3-4CF3-A2BB-72AC6F6A28D0}.Release|x86.Build.0 = Release|Any CPU
		{38CD71E6-6995-4D0D-A781-B4202B40BFB1}.Debug|Any CPU.ActiveCfg = Debug|Any CPU
		{38CD71E6-6995-4D0D-A781-B4202B40BFB1}.Debug|Any CPU.Build.0 = Debug|Any CPU
		{38CD71E6-6995-4D0D-A781-B4202B40BFB1}.Debug|x64.ActiveCfg = Debug|Any CPU
		{38CD71E6-6995-4D0D-A781-B4202B40BFB1}.Debug|x64.Build.0 = Debug|Any CPU
		{38CD71E6-6995-4D0D-A781-B4202B40BFB1}.Debug|x86.ActiveCfg = Debug|Any CPU
		{38CD71E6-6995-4D0D-A781-B4202B40BFB1}.Debug|x86.Build.0 = Debug|Any CPU
		{38CD71E6-6995-4D0D-A781-B4202B40BFB1}.Release|Any CPU.ActiveCfg = Release|Any CPU
		{38CD71E6-6995-4D0D-A781-B4202B40BFB1}.Release|Any CPU.Build.0 = Release|Any CPU
		{38CD71E6-6995-4D0D-A781-B4202B40BFB1}.Release|x64.ActiveCfg = Release|Any CPU
		{38CD71E6-6995-4D0D-A781-B4202B40BFB1}.Release|x64.Build.0 = Release|Any CPU
		{38CD71E6-6995-4D0D-A781-B4202B40BFB1}.Release|x86.ActiveCfg = Release|Any CPU
		{38CD71E6-6995-4D0D-A781-B4202B40BFB1}.Release|x86.Build.0 = Release|Any CPU
		{4FA2714F-664E-4D6C-A26A-ED38C969D52D}.Debug|Any CPU.ActiveCfg = Debug|Any CPU
		{4FA2714F-664E-4D6C-A26A-ED38C969D52D}.Debug|Any CPU.Build.0 = Debug|Any CPU
		{4FA2714F-664E-4D6C-A26A-ED38C969D52D}.Debug|x64.ActiveCfg = Debug|Any CPU
		{4FA2714F-664E-4D6C-A26A-ED38C969D52D}.Debug|x64.Build.0 = Debug|Any CPU
		{4FA2714F-664E-4D6C-A26A-ED38C969D52D}.Debug|x86.ActiveCfg = Debug|Any CPU
		{4FA2714F-664E-4D6C-A26A-ED38C969D52D}.Debug|x86.Build.0 = Debug|Any CPU
		{4FA2714F-664E-4D6C-A26A-ED38C969D52D}.Release|Any CPU.ActiveCfg = Release|Any CPU
		{4FA2714F-664E-4D6C-A26A-ED38C969D52D}.Release|Any CPU.Build.0 = Release|Any CPU
		{4FA2714F-664E-4D6C-A26A-ED38C969D52D}.Release|x64.ActiveCfg = Release|Any CPU
		{4FA2714F-664E-4D6C-A26A-ED38C969D52D}.Release|x64.Build.0 = Release|Any CPU
		{4FA2714F-664E-4D6C-A26A-ED38C969D52D}.Release|x86.ActiveCfg = Release|Any CPU
		{4FA2714F-664E-4D6C-A26A-ED38C969D52D}.Release|x86.Build.0 = Release|Any CPU
		{95AE049B-46DC-4C8C-A249-650C45201A3F}.Debug|Any CPU.ActiveCfg = Debug|Any CPU
		{95AE049B-46DC-4C8C-A249-650C45201A3F}.Debug|Any CPU.Build.0 = Debug|Any CPU
		{95AE049B-46DC-4C8C-A249-650C45201A3F}.Debug|x64.ActiveCfg = Debug|Any CPU
		{95AE049B-46DC-4C8C-A249-650C45201A3F}.Debug|x64.Build.0 = Debug|Any CPU
		{95AE049B-46DC-4C8C-A249-650C45201A3F}.Debug|x86.ActiveCfg = Debug|Any CPU
		{95AE049B-46DC-4C8C-A249-650C45201A3F}.Debug|x86.Build.0 = Debug|Any CPU
		{95AE049B-46DC-4C8C-A249-650C45201A3F}.Release|Any CPU.ActiveCfg = Release|Any CPU
		{95AE049B-46DC-4C8C-A249-650C45201A3F}.Release|Any CPU.Build.0 = Release|Any CPU
		{95AE049B-46DC-4C8C-A249-650C45201A3F}.Release|x64.ActiveCfg = Release|Any CPU
		{95AE049B-46DC-4C8C-A249-650C45201A3F}.Release|x64.Build.0 = Release|Any CPU
		{95AE049B-46DC-4C8C-A249-650C45201A3F}.Release|x86.ActiveCfg = Release|Any CPU
		{95AE049B-46DC-4C8C-A249-650C45201A3F}.Release|x86.Build.0 = Release|Any CPU
		{03D8A791-321D-4CD7-9B5E-673C8C6E4F90}.Debug|Any CPU.ActiveCfg = Debug|Any CPU
		{03D8A791-321D-4CD7-9B5E-673C8C6E4F90}.Debug|Any CPU.Build.0 = Debug|Any CPU
		{03D8A791-321D-4CD7-9B5E-673C8C6E4F90}.Debug|x64.ActiveCfg = Debug|Any CPU
		{03D8A791-321D-4CD7-9B5E-673C8C6E4F90}.Debug|x64.Build.0 = Debug|Any CPU
		{03D8A791-321D-4CD7-9B5E-673C8C6E4F90}.Debug|x86.ActiveCfg = Debug|Any CPU
		{03D8A791-321D-4CD7-9B5E-673C8C6E4F90}.Debug|x86.Build.0 = Debug|Any CPU
		{03D8A791-321D-4CD7-9B5E-673C8C6E4F90}.Release|Any CPU.ActiveCfg = Release|Any CPU
		{03D8A791-321D-4CD7-9B5E-673C8C6E4F90}.Release|Any CPU.Build.0 = Release|Any CPU
		{03D8A791-321D-4CD7-9B5E-673C8C6E4F90}.Release|x64.ActiveCfg = Release|Any CPU
		{03D8A791-321D-4CD7-9B5E-673C8C6E4F90}.Release|x64.Build.0 = Release|Any CPU
		{03D8A791-321D-4CD7-9B5E-673C8C6E4F90}.Release|x86.ActiveCfg = Release|Any CPU
		{03D8A791-321D-4CD7-9B5E-673C8C6E4F90}.Release|x86.Build.0 = Release|Any CPU
		{D5D92DC0-4839-40B9-913D-EEDE8DD9AFD5}.Debug|Any CPU.ActiveCfg = Debug|Any CPU
		{D5D92DC0-4839-40B9-913D-EEDE8DD9AFD5}.Debug|Any CPU.Build.0 = Debug|Any CPU
		{D5D92DC0-4839-40B9-913D-EEDE8DD9AFD5}.Debug|x64.ActiveCfg = Debug|Any CPU
		{D5D92DC0-4839-40B9-913D-EEDE8DD9AFD5}.Debug|x64.Build.0 = Debug|Any CPU
		{D5D92DC0-4839-40B9-913D-EEDE8DD9AFD5}.Debug|x86.ActiveCfg = Debug|Any CPU
		{D5D92DC0-4839-40B9-913D-EEDE8DD9AFD5}.Debug|x86.Build.0 = Debug|Any CPU
		{D5D92DC0-4839-40B9-913D-EEDE8DD9AFD5}.Release|Any CPU.ActiveCfg = Release|Any CPU
		{D5D92DC0-4839-40B9-913D-EEDE8DD9AFD5}.Release|Any CPU.Build.0 = Release|Any CPU
		{D5D92DC0-4839-40B9-913D-EEDE8DD9AFD5}.Release|x64.ActiveCfg = Release|Any CPU
		{D5D92DC0-4839-40B9-913D-EEDE8DD9AFD5}.Release|x64.Build.0 = Release|Any CPU
		{D5D92DC0-4839-40B9-913D-EEDE8DD9AFD5}.Release|x86.ActiveCfg = Release|Any CPU
		{D5D92DC0-4839-40B9-913D-EEDE8DD9AFD5}.Release|x86.Build.0 = Release|Any CPU
		{26409ED9-C0E8-44A8-BA18-B6DA4C01302F}.Debug|Any CPU.ActiveCfg = Debug|Any CPU
		{26409ED9-C0E8-44A8-BA18-B6DA4C01302F}.Debug|Any CPU.Build.0 = Debug|Any CPU
		{26409ED9-C0E8-44A8-BA18-B6DA4C01302F}.Debug|x64.ActiveCfg = Debug|Any CPU
		{26409ED9-C0E8-44A8-BA18-B6DA4C01302F}.Debug|x64.Build.0 = Debug|Any CPU
		{26409ED9-C0E8-44A8-BA18-B6DA4C01302F}.Debug|x86.ActiveCfg = Debug|Any CPU
		{26409ED9-C0E8-44A8-BA18-B6DA4C01302F}.Debug|x86.Build.0 = Debug|Any CPU
		{26409ED9-C0E8-44A8-BA18-B6DA4C01302F}.Release|Any CPU.ActiveCfg = Release|Any CPU
		{26409ED9-C0E8-44A8-BA18-B6DA4C01302F}.Release|Any CPU.Build.0 = Release|Any CPU
		{26409ED9-C0E8-44A8-BA18-B6DA4C01302F}.Release|x64.ActiveCfg = Release|Any CPU
		{26409ED9-C0E8-44A8-BA18-B6DA4C01302F}.Release|x64.Build.0 = Release|Any CPU
		{26409ED9-C0E8-44A8-BA18-B6DA4C01302F}.Release|x86.ActiveCfg = Release|Any CPU
		{26409ED9-C0E8-44A8-BA18-B6DA4C01302F}.Release|x86.Build.0 = Release|Any CPU
		{8A4C0934-DBED-4B47-BE3B-D556538114ED}.Debug|Any CPU.ActiveCfg = Debug|Any CPU
		{8A4C0934-DBED-4B47-BE3B-D556538114ED}.Debug|Any CPU.Build.0 = Debug|Any CPU
		{8A4C0934-DBED-4B47-BE3B-D556538114ED}.Debug|x64.ActiveCfg = Debug|Any CPU
		{8A4C0934-DBED-4B47-BE3B-D556538114ED}.Debug|x64.Build.0 = Debug|Any CPU
		{8A4C0934-DBED-4B47-BE3B-D556538114ED}.Debug|x86.ActiveCfg = Debug|Any CPU
		{8A4C0934-DBED-4B47-BE3B-D556538114ED}.Debug|x86.Build.0 = Debug|Any CPU
		{8A4C0934-DBED-4B47-BE3B-D556538114ED}.Release|Any CPU.ActiveCfg = Release|Any CPU
		{8A4C0934-DBED-4B47-BE3B-D556538114ED}.Release|Any CPU.Build.0 = Release|Any CPU
		{8A4C0934-DBED-4B47-BE3B-D556538114ED}.Release|x64.ActiveCfg = Release|Any CPU
		{8A4C0934-DBED-4B47-BE3B-D556538114ED}.Release|x64.Build.0 = Release|Any CPU
		{8A4C0934-DBED-4B47-BE3B-D556538114ED}.Release|x86.ActiveCfg = Release|Any CPU
		{8A4C0934-DBED-4B47-BE3B-D556538114ED}.Release|x86.Build.0 = Release|Any CPU
		{1FBB1D3E-B724-4142-8BDC-EB22CE51E7B0}.Debug|Any CPU.ActiveCfg = Debug|Any CPU
		{1FBB1D3E-B724-4142-8BDC-EB22CE51E7B0}.Debug|Any CPU.Build.0 = Debug|Any CPU
		{1FBB1D3E-B724-4142-8BDC-EB22CE51E7B0}.Debug|x64.ActiveCfg = Debug|Any CPU
		{1FBB1D3E-B724-4142-8BDC-EB22CE51E7B0}.Debug|x64.Build.0 = Debug|Any CPU
		{1FBB1D3E-B724-4142-8BDC-EB22CE51E7B0}.Debug|x86.ActiveCfg = Debug|Any CPU
		{1FBB1D3E-B724-4142-8BDC-EB22CE51E7B0}.Debug|x86.Build.0 = Debug|Any CPU
		{1FBB1D3E-B724-4142-8BDC-EB22CE51E7B0}.Release|Any CPU.ActiveCfg = Release|Any CPU
		{1FBB1D3E-B724-4142-8BDC-EB22CE51E7B0}.Release|Any CPU.Build.0 = Release|Any CPU
		{1FBB1D3E-B724-4142-8BDC-EB22CE51E7B0}.Release|x64.ActiveCfg = Release|Any CPU
		{1FBB1D3E-B724-4142-8BDC-EB22CE51E7B0}.Release|x64.Build.0 = Release|Any CPU
		{1FBB1D3E-B724-4142-8BDC-EB22CE51E7B0}.Release|x86.ActiveCfg = Release|Any CPU
		{1FBB1D3E-B724-4142-8BDC-EB22CE51E7B0}.Release|x86.Build.0 = Release|Any CPU
		{9031A390-D92E-4950-9249-3A45611F454E}.Debug|Any CPU.ActiveCfg = Debug|Any CPU
		{9031A390-D92E-4950-9249-3A45611F454E}.Debug|Any CPU.Build.0 = Debug|Any CPU
		{9031A390-D92E-4950-9249-3A45611F454E}.Debug|x64.ActiveCfg = Debug|Any CPU
		{9031A390-D92E-4950-9249-3A45611F454E}.Debug|x64.Build.0 = Debug|Any CPU
		{9031A390-D92E-4950-9249-3A45611F454E}.Debug|x86.ActiveCfg = Debug|Any CPU
		{9031A390-D92E-4950-9249-3A45611F454E}.Debug|x86.Build.0 = Debug|Any CPU
		{9031A390-D92E-4950-9249-3A45611F454E}.Release|Any CPU.ActiveCfg = Release|Any CPU
		{9031A390-D92E-4950-9249-3A45611F454E}.Release|Any CPU.Build.0 = Release|Any CPU
		{9031A390-D92E-4950-9249-3A45611F454E}.Release|x64.ActiveCfg = Release|Any CPU
		{9031A390-D92E-4950-9249-3A45611F454E}.Release|x64.Build.0 = Release|Any CPU
		{9031A390-D92E-4950-9249-3A45611F454E}.Release|x86.ActiveCfg = Release|Any CPU
		{9031A390-D92E-4950-9249-3A45611F454E}.Release|x86.Build.0 = Release|Any CPU
	EndGlobalSection
	GlobalSection(SolutionProperties) = preSolution
		HideSolutionNode = FALSE
	EndGlobalSection
	GlobalSection(ExtensibilityGlobals) = postSolution
		SolutionGuid = {2843F384-9F8E-4D08-934F-B863FC7F989B}
	EndGlobalSection
EndGlobal
