
Microsoft Visual Studio Solution File, Format Version 12.00
# Visual Studio Version 16
VisualStudioVersion = 16.0.29123.88
MinimumVisualStudioVersion = 10.0.40219.1
Project("{FAE04EC0-301F-11D3-BF4B-00C04F79EFBC}") = "CalculateArea", "CalculateArea\CalculateArea.csproj", "{6764DB75-045A-462A-896D-E7150A08DE85}"
EndProject
Project("{FAE04EC0-301F-11D3-BF4B-00C04F79EFBC}") = "GravityCalculator", "GravityCalculator\GravityCalculator.csproj", "{21B4C2ED-21D7-4F86-9A72-FCAD10DE578E}"
EndProject
Project("{9A19103F-16F7-4668-BE54-9A1E7A4F7556}") = "SumAverageRunningInt", "SumAverageRunningInt\SumAverageRunningInt.csproj", "{3A626440-B412-47F6-A2D2-2330B1840FD6}"
EndProject
Project("{FAE04EC0-301F-11D3-BF4B-00C04F79EFBC}") = "Exercise1", "Exercise1\Exercise1.csproj", "{D98A7FFC-5A49-462E-AC2C-6B8589B2C223}"
EndProject
Project("{FAE04EC0-301F-11D3-BF4B-00C04F79EFBC}") = "Exercise2", "Exercise2\Exercise2.csproj", "{20CFA7FF-6391-4E37-ADAB-2D748BF7BC5D}"
EndProject
Project("{FAE04EC0-301F-11D3-BF4B-00C04F79EFBC}") = "Exercise3", "ConsoleApp1\Exercise3.csproj", "{0A3E9132-37D7-4B83-8EB4-07FD1A0C631D}"
EndProject
Project("{FAE04EC0-301F-11D3-BF4B-00C04F79EFBC}") = "Exercise4", "Exercise4\Exercise4.csproj", "{4DFE64BD-1FF3-4E9C-BBAD-403F99BE13DA}"
EndProject
Project("{FAE04EC0-301F-11D3-BF4B-00C04F79EFBC}") = "Exercise5", "Exercise5\Exercise5.csproj", "{D5D5CBAB-BC78-4804-A54F-1ED1BF65C2A6}"
EndProject
Project("{FAE04EC0-301F-11D3-BF4B-00C04F79EFBC}") = "Exercise6", "Exercise6\Exercise6.csproj", "{7B3B8CAC-C934-4653-8DB1-1893D75C5BFB}"
EndProject
Project("{FAE04EC0-301F-11D3-BF4B-00C04F79EFBC}") = "Exercise7", "Exercise7\Exercise7.csproj", "{4FA2C0CD-93F9-45A4-A0CA-E0F9ECD018C7}"
EndProject
Global
	GlobalSection(SolutionConfigurationPlatforms) = preSolution
		Debug|Any CPU = Debug|Any CPU
		Release|Any CPU = Release|Any CPU
	EndGlobalSection
	GlobalSection(ProjectConfigurationPlatforms) = postSolution
		{6764DB75-045A-462A-896D-E7150A08DE85}.Debug|Any CPU.ActiveCfg = Debug|Any CPU
		{6764DB75-045A-462A-896D-E7150A08DE85}.Debug|Any CPU.Build.0 = Debug|Any CPU
		{6764DB75-045A-462A-896D-E7150A08DE85}.Release|Any CPU.ActiveCfg = Release|Any CPU
		{6764DB75-045A-462A-896D-E7150A08DE85}.Release|Any CPU.Build.0 = Release|Any CPU
		{21B4C2ED-21D7-4F86-9A72-FCAD10DE578E}.Debug|Any CPU.ActiveCfg = Debug|Any CPU
		{21B4C2ED-21D7-4F86-9A72-FCAD10DE578E}.Debug|Any CPU.Build.0 = Debug|Any CPU
		{21B4C2ED-21D7-4F86-9A72-FCAD10DE578E}.Release|Any CPU.ActiveCfg = Release|Any CPU
		{21B4C2ED-21D7-4F86-9A72-FCAD10DE578E}.Release|Any CPU.Build.0 = Release|Any CPU
		{3A626440-B412-47F6-A2D2-2330B1840FD6}.Debug|Any CPU.ActiveCfg = Debug|Any CPU
		{3A626440-B412-47F6-A2D2-2330B1840FD6}.Debug|Any CPU.Build.0 = Debug|Any CPU
		{3A626440-B412-47F6-A2D2-2330B1840FD6}.Release|Any CPU.ActiveCfg = Release|Any CPU
		{3A626440-B412-47F6-A2D2-2330B1840FD6}.Release|Any CPU.Build.0 = Release|Any CPU
		{D98A7FFC-5A49-462E-AC2C-6B8589B2C223}.Debug|Any CPU.ActiveCfg = Debug|Any CPU
		{D98A7FFC-5A49-462E-AC2C-6B8589B2C223}.Debug|Any CPU.Build.0 = Debug|Any CPU
		{D98A7FFC-5A49-462E-AC2C-6B8589B2C223}.Release|Any CPU.ActiveCfg = Release|Any CPU
		{D98A7FFC-5A49-462E-AC2C-6B8589B2C223}.Release|Any CPU.Build.0 = Release|Any CPU
		{20CFA7FF-6391-4E37-ADAB-2D748BF7BC5D}.Debug|Any CPU.ActiveCfg = Debug|Any CPU
		{20CFA7FF-6391-4E37-ADAB-2D748BF7BC5D}.Debug|Any CPU.Build.0 = Debug|Any CPU
		{20CFA7FF-6391-4E37-ADAB-2D748BF7BC5D}.Release|Any CPU.ActiveCfg = Release|Any CPU
		{20CFA7FF-6391-4E37-ADAB-2D748BF7BC5D}.Release|Any CPU.Build.0 = Release|Any CPU
		{0A3E9132-37D7-4B83-8EB4-07FD1A0C631D}.Debug|Any CPU.ActiveCfg = Debug|Any CPU
		{0A3E9132-37D7-4B83-8EB4-07FD1A0C631D}.Debug|Any CPU.Build.0 = Debug|Any CPU
		{0A3E9132-37D7-4B83-8EB4-07FD1A0C631D}.Release|Any CPU.ActiveCfg = Release|Any CPU
		{0A3E9132-37D7-4B83-8EB4-07FD1A0C631D}.Release|Any CPU.Build.0 = Release|Any CPU
		{4DFE64BD-1FF3-4E9C-BBAD-403F99BE13DA}.Debug|Any CPU.ActiveCfg = Debug|Any CPU
		{4DFE64BD-1FF3-4E9C-BBAD-403F99BE13DA}.Debug|Any CPU.Build.0 = Debug|Any CPU
		{4DFE64BD-1FF3-4E9C-BBAD-403F99BE13DA}.Release|Any CPU.ActiveCfg = Release|Any CPU
		{4DFE64BD-1FF3-4E9C-BBAD-403F99BE13DA}.Release|Any CPU.Build.0 = Release|Any CPU
		{D5D5CBAB-BC78-4804-A54F-1ED1BF65C2A6}.Debug|Any CPU.ActiveCfg = Debug|Any CPU
		{D5D5CBAB-BC78-4804-A54F-1ED1BF65C2A6}.Debug|Any CPU.Build.0 = Debug|Any CPU
		{D5D5CBAB-BC78-4804-A54F-1ED1BF65C2A6}.Release|Any CPU.ActiveCfg = Release|Any CPU
		{D5D5CBAB-BC78-4804-A54F-1ED1BF65C2A6}.Release|Any CPU.Build.0 = Release|Any CPU
		{7B3B8CAC-C934-4653-8DB1-1893D75C5BFB}.Debug|Any CPU.ActiveCfg = Debug|Any CPU
		{7B3B8CAC-C934-4653-8DB1-1893D75C5BFB}.Debug|Any CPU.Build.0 = Debug|Any CPU
		{7B3B8CAC-C934-4653-8DB1-1893D75C5BFB}.Release|Any CPU.ActiveCfg = Release|Any CPU
		{7B3B8CAC-C934-4653-8DB1-1893D75C5BFB}.Release|Any CPU.Build.0 = Release|Any CPU
		{4FA2C0CD-93F9-45A4-A0CA-E0F9ECD018C7}.Debug|Any CPU.ActiveCfg = Debug|Any CPU
		{4FA2C0CD-93F9-45A4-A0CA-E0F9ECD018C7}.Debug|Any CPU.Build.0 = Debug|Any CPU
		{4FA2C0CD-93F9-45A4-A0CA-E0F9ECD018C7}.Release|Any CPU.ActiveCfg = Release|Any CPU
		{4FA2C0CD-93F9-45A4-A0CA-E0F9ECD018C7}.Release|Any CPU.Build.0 = Release|Any CPU
	EndGlobalSection
	GlobalSection(SolutionProperties) = preSolution
		HideSolutionNode = FALSE
	EndGlobalSection
	GlobalSection(ExtensibilityGlobals) = postSolution
		SolutionGuid = {22A75822-3C36-4529-B369-1F5A7653AD59}
	EndGlobalSection
EndGlobal
